{
  "nodes": {
    "dankMaterialShell": {
      "inputs": {
        "dgop": "dgop",
        "nixpkgs": [
          "nixpkgs"
        ]
      },
      "locked": {
        "lastModified": 1763281898,
        "narHash": "sha256-3v3P2vCX0OhAI/hEP7BWJTN1dfwqZh0AZn34IJzdZ48=",
        "ref": "refs/heads/master",
        "rev": "67cfa068a85fadaf1ad52e6b74365d13f16f6705",
        "revCount": 2035,
        "type": "git",
        "url": "file:///home/hikiru/Projects/DankMaterialShell"
      },
      "original": {
        "type": "git",
        "url": "file:///home/hikiru/Projects/DankMaterialShell"
      }
    },
    "dgop": {
      "inputs": {
        "nixpkgs": [
          "dankMaterialShell",
          "nixpkgs"
        ]
      },
      "locked": {
        "lastModified": 1762435535,
        "narHash": "sha256-QhzRn7pYN35IFpKjjxJAj3GPJECuC+VLhoGem3ezycc=",
        "owner": "AvengeMedia",
        "repo": "dgop",
        "rev": "6cf638dde818f9f8a2e26d0243179c43cb3458d7",
        "type": "github"
      },
      "original": {
        "owner": "AvengeMedia",
        "repo": "dgop",
        "type": "github"
      }
    },
    "home-manager": {
      "inputs": {
        "nixpkgs": [
          "zen-browser",
          "nixpkgs"
        ]
      },
      "locked": {
        "lastModified": 1762964643,
        "narHash": "sha256-RYHN8O/Aja59XDji6WSJZPkJpYVUfpSkyH+PEupBJqM=",
        "owner": "nix-community",
        "repo": "home-manager",
        "rev": "827f2a23373a774a8805f84ca5344654c31f354b",
        "type": "github"
      },
      "original": {
        "owner": "nix-community",
        "repo": "home-manager",
        "type": "github"
      }
    },
    "nixpkgs": {
      "locked": {
        "lastModified": 1762977756,
        "narHash": "sha256-4PqRErxfe+2toFJFgcRKZ0UI9NSIOJa+7RXVtBhy4KE=",
        "owner": "NixOS",
        "repo": "nixpkgs",
        "rev": "c5ae371f1a6a7fd27823bc500d9390b38c05fa55",
        "type": "github"
      },
      "original": {
        "owner": "NixOS",
        "ref": "nixos-unstable",
        "repo": "nixpkgs",
        "type": "github"
      }
    },
    "root": {
      "inputs": {
        "dankMaterialShell": "dankMaterialShell",
        "nixpkgs": "nixpkgs",
        "zen-browser": "zen-browser"
      }
    },
    "zen-browser": {
      "inputs": {
        "home-manager": "home-manager",
        "nixpkgs": [
          "nixpkgs"
        ]
      },
      "locked": {
        "lastModified": 1763310159,
        "narHash": "sha256-eUNU91X8+2D4j0nIDZmg/TVNVXE9Vlog2kGMIiB5uPY=",
        "owner": "0xc000022070",
        "repo": "zen-browser-flake",
        "rev": "232199e68c50bd9d4228d8ffdb0056e6993dacbd",
        "type": "github"
      },
      "original": {
        "owner": "0xc000022070",
        "repo": "zen-browser-flake",
        "type": "github"
      }
    }
  },
  "root": "root",
  "version": 7
}
